
Microsoft Visual Studio Solution File, Format Version 12.00
# Visual Studio Version 17
VisualStudioVersion = 17.7.34003.232
MinimumVisualStudioVersion = 10.0.40219.1
Project("{FAE04EC0-301F-11D3-BF4B-00C04F79EFBC}") = "VictoryLibraryAPI", "VictoryLibraryAPI\VictoryLibraryAPI.csproj", "{6C464EE8-43DA-42FB-BD01-BB57E994C08E}"
EndProject
Global
	GlobalSection(SolutionConfigurationPlatforms) = preSolution
		Debug|Any CPU = Debug|Any CPU
		Release|Any CPU = Release|Any CPU
	EndGlobalSection
	GlobalSection(ProjectConfigurationPlatforms) = postSolution
		{6C464EE8-43DA-42FB-BD01-BB57E994C08E}.Debug|Any CPU.ActiveCfg = Debug|Any CPU
		{6C464EE8-43DA-42FB-BD01-BB57E994C08E}.Debug|Any CPU.Build.0 = Debug|Any CPU
		{6C464EE8-43DA-42FB-BD01-BB57E994C08E}.Release|Any CPU.ActiveCfg = Release|Any CPU
		{6C464EE8-43DA-42FB-BD01-BB57E994C08E}.Release|Any CPU.Build.0 = Release|Any CPU
	EndGlobalSection
	GlobalSection(SolutionProperties) = preSolution
		HideSolutionNode = FALSE
	EndGlobalSection
	GlobalSection(ExtensibilityGlobals) = postSolution
		SolutionGuid = {FFDFCA0E-E934-4E62-8912-C4EE9E783B5B}
	EndGlobalSection
EndGlobal
